
Microsoft Visual Studio Solution File, Format Version 12.00
# Visual Studio Version 17
VisualStudioVersion = 17.5.33502.453
MinimumVisualStudioVersion = 10.0.40219.1
Project("{FAE04EC0-301F-11D3-BF4B-00C04F79EFBC}") = "MVC-Project", "MVC-Project\MVC-Project.csproj", "{B74D544F-F9BF-483D-B6FC-7C0C44C2B600}"
EndProject
Project("{FAE04EC0-301F-11D3-BF4B-00C04F79EFBC}") = "WebAppTest", "WebAppTest\WebAppTest.csproj", "{2A5BC990-543A-47D4-9D2B-BDCD62115CBC}"
EndProject
Project("{2150E333-8FDC-42A3-9474-1A3956D46DE8}") = "Libs", "Libs", "{F0A72942-A377-4333-ACA8-25C9B076CE76}"
EndProject
Project("{FAE04EC0-301F-11D3-BF4B-00C04F79EFBC}") = "MVC-Project.Core.Domain", "MVCProject.Core.Domain\MVC-Project.Core.Domain.csproj", "{D6D62FC7-2C98-4714-A816-201C6DD7625F}"
EndProject
Global
	GlobalSection(SolutionConfigurationPlatforms) = preSolution
		Debug|Any CPU = Debug|Any CPU
		Release|Any CPU = Release|Any CPU
	EndGlobalSection
	GlobalSection(ProjectConfigurationPlatforms) = postSolution
		{B74D544F-F9BF-483D-B6FC-7C0C44C2B600}.Debug|Any CPU.ActiveCfg = Debug|Any CPU
		{B74D544F-F9BF-483D-B6FC-7C0C44C2B600}.Debug|Any CPU.Build.0 = Debug|Any CPU
		{B74D544F-F9BF-483D-B6FC-7C0C44C2B600}.Release|Any CPU.ActiveCfg = Release|Any CPU
		{B74D544F-F9BF-483D-B6FC-7C0C44C2B600}.Release|Any CPU.Build.0 = Release|Any CPU
		{2A5BC990-543A-47D4-9D2B-BDCD62115CBC}.Debug|Any CPU.ActiveCfg = Debug|Any CPU
		{2A5BC990-543A-47D4-9D2B-BDCD62115CBC}.Debug|Any CPU.Build.0 = Debug|Any CPU
		{2A5BC990-543A-47D4-9D2B-BDCD62115CBC}.Release|Any CPU.ActiveCfg = Release|Any CPU
		{2A5BC990-543A-47D4-9D2B-BDCD62115CBC}.Release|Any CPU.Build.0 = Release|Any CPU
		{D6D62FC7-2C98-4714-A816-201C6DD7625F}.Debug|Any CPU.ActiveCfg = Debug|Any CPU
		{D6D62FC7-2C98-4714-A816-201C6DD7625F}.Debug|Any CPU.Build.0 = Debug|Any CPU
		{D6D62FC7-2C98-4714-A816-201C6DD7625F}.Release|Any CPU.ActiveCfg = Release|Any CPU
		{D6D62FC7-2C98-4714-A816-201C6DD7625F}.Release|Any CPU.Build.0 = Release|Any CPU
	EndGlobalSection
	GlobalSection(SolutionProperties) = preSolution
		HideSolutionNode = FALSE
	EndGlobalSection
	GlobalSection(NestedProjects) = preSolution
		{D6D62FC7-2C98-4714-A816-201C6DD7625F} = {F0A72942-A377-4333-ACA8-25C9B076CE76}
	EndGlobalSection
	GlobalSection(ExtensibilityGlobals) = postSolution
		SolutionGuid = {F8EAD035-1B75-48CB-9BD9-FBC305072A09}
	EndGlobalSection
EndGlobal
